
Microsoft Visual Studio Solution File, Format Version 12.00
# Visual Studio 15
VisualStudioVersion = 15.0.27703.2000
MinimumVisualStudioVersion = 10.0.40219.1
Project("{FAE04EC0-301F-11D3-BF4B-00C04F79EFBC}") = "02_Basics", "02_Basics\02_Basics.csproj", "{BC80186E-A90A-4ACF-9D15-5E775AB57A07}"
EndProject
Project("{FAE04EC0-301F-11D3-BF4B-00C04F79EFBC}") = "01_GettingStarted", "01_GettingStarted\01_GettingStarted.csproj", "{F41B8D7E-436C-4B73-9996-B9A5F7BA2E57}"
EndProject
Project("{FAE04EC0-301F-11D3-BF4B-00C04F79EFBC}") = "03_DataTypes", "03_DataTypes\03_DataTypes.csproj", "{C17D63A1-A55F-408E-8538-0550C717D48A}"
EndProject
Project("{FAE04EC0-301F-11D3-BF4B-00C04F79EFBC}") = "04_Collections", "04_Collections\04_Collections.csproj", "{ECE0007B-F83B-44CD-8ED7-4C9FB7278576}"
EndProject
Global
	GlobalSection(SolutionConfigurationPlatforms) = preSolution
		Debug|Any CPU = Debug|Any CPU
		Release|Any CPU = Release|Any CPU
	EndGlobalSection
	GlobalSection(ProjectConfigurationPlatforms) = postSolution
		{BC80186E-A90A-4ACF-9D15-5E775AB57A07}.Debug|Any CPU.ActiveCfg = Debug|Any CPU
		{BC80186E-A90A-4ACF-9D15-5E775AB57A07}.Debug|Any CPU.Build.0 = Debug|Any CPU
		{BC80186E-A90A-4ACF-9D15-5E775AB57A07}.Release|Any CPU.ActiveCfg = Release|Any CPU
		{BC80186E-A90A-4ACF-9D15-5E775AB57A07}.Release|Any CPU.Build.0 = Release|Any CPU
		{F41B8D7E-436C-4B73-9996-B9A5F7BA2E57}.Debug|Any CPU.ActiveCfg = Debug|Any CPU
		{F41B8D7E-436C-4B73-9996-B9A5F7BA2E57}.Debug|Any CPU.Build.0 = Debug|Any CPU
		{F41B8D7E-436C-4B73-9996-B9A5F7BA2E57}.Release|Any CPU.ActiveCfg = Release|Any CPU
		{F41B8D7E-436C-4B73-9996-B9A5F7BA2E57}.Release|Any CPU.Build.0 = Release|Any CPU
		{C17D63A1-A55F-408E-8538-0550C717D48A}.Debug|Any CPU.ActiveCfg = Debug|Any CPU
		{C17D63A1-A55F-408E-8538-0550C717D48A}.Debug|Any CPU.Build.0 = Debug|Any CPU
		{C17D63A1-A55F-408E-8538-0550C717D48A}.Release|Any CPU.ActiveCfg = Release|Any CPU
		{C17D63A1-A55F-408E-8538-0550C717D48A}.Release|Any CPU.Build.0 = Release|Any CPU
		{ECE0007B-F83B-44CD-8ED7-4C9FB7278576}.Debug|Any CPU.ActiveCfg = Debug|Any CPU
		{ECE0007B-F83B-44CD-8ED7-4C9FB7278576}.Debug|Any CPU.Build.0 = Debug|Any CPU
		{ECE0007B-F83B-44CD-8ED7-4C9FB7278576}.Release|Any CPU.ActiveCfg = Release|Any CPU
		{ECE0007B-F83B-44CD-8ED7-4C9FB7278576}.Release|Any CPU.Build.0 = Release|Any CPU
	EndGlobalSection
	GlobalSection(SolutionProperties) = preSolution
		HideSolutionNode = FALSE
	EndGlobalSection
	GlobalSection(ExtensibilityGlobals) = postSolution
		SolutionGuid = {B7ECF2E9-DC71-4578-B94F-4C89692AF60A}
	EndGlobalSection
EndGlobal
